
Microsoft Visual Studio Solution File, Format Version 12.00
# Visual Studio Version 17
VisualStudioVersion = 17.3.32819.101
MinimumVisualStudioVersion = 10.0.40219.1
Project("{9A19103F-16F7-4668-BE54-9A1E7A4F7556}") = "GreekSmash", "GreekSmash\GreekSmash.csproj", "{CA199278-C978-49DF-AE74-D9CFBC8C008C}"
EndProject
Project("{00D1A9C2-B5F0-4AF3-8072-F6C62B433612}") = "GreekSmashDb", "GreekSmashDb\GreekSmashDb.sqlproj", "{92EF2C31-969D-4E25-AB91-B9DBBB65C833}"
EndProject
Global
	GlobalSection(SolutionConfigurationPlatforms) = preSolution
		Debug|Any CPU = Debug|Any CPU
		Release|Any CPU = Release|Any CPU
	EndGlobalSection
	GlobalSection(ProjectConfigurationPlatforms) = postSolution
		{CA199278-C978-49DF-AE74-D9CFBC8C008C}.Debug|Any CPU.ActiveCfg = Debug|Any CPU
		{CA199278-C978-49DF-AE74-D9CFBC8C008C}.Debug|Any CPU.Build.0 = Debug|Any CPU
		{CA199278-C978-49DF-AE74-D9CFBC8C008C}.Release|Any CPU.ActiveCfg = Release|Any CPU
		{CA199278-C978-49DF-AE74-D9CFBC8C008C}.Release|Any CPU.Build.0 = Release|Any CPU
		{92EF2C31-969D-4E25-AB91-B9DBBB65C833}.Debug|Any CPU.ActiveCfg = Debug|Any CPU
		{92EF2C31-969D-4E25-AB91-B9DBBB65C833}.Debug|Any CPU.Build.0 = Debug|Any CPU
		{92EF2C31-969D-4E25-AB91-B9DBBB65C833}.Debug|Any CPU.Deploy.0 = Debug|Any CPU
		{92EF2C31-969D-4E25-AB91-B9DBBB65C833}.Release|Any CPU.ActiveCfg = Release|Any CPU
		{92EF2C31-969D-4E25-AB91-B9DBBB65C833}.Release|Any CPU.Build.0 = Release|Any CPU
		{92EF2C31-969D-4E25-AB91-B9DBBB65C833}.Release|Any CPU.Deploy.0 = Release|Any CPU
	EndGlobalSection
	GlobalSection(SolutionProperties) = preSolution
		HideSolutionNode = FALSE
	EndGlobalSection
	GlobalSection(ExtensibilityGlobals) = postSolution
		SolutionGuid = {EB83229C-22AF-484A-B77E-A1721CD030E2}
	EndGlobalSection
EndGlobal
